{
  "name": "zuo-blog",
  "version": "0.1.0",
  "lockfileVersion": 1,
  "requires": true,
  "dependencies": {
    "commander": {
      "version": "4.1.0",
      "resolved": "https://registry.npm.taobao.org/commander/download/commander-4.1.0.tgz?cache=0&other_urls=https%3A%2F%2Fregistry.npm.taobao.org%2Fcommander%2Fdownload%2Fcommander-4.1.0.tgz",
      "integrity": "sha1-VFmDoGA/5CW8Zy1myePInEISGoM="
    },
    "marked": {
      "version": "0.8.0",
      "resolved": "https://registry.npm.taobao.org/marked/download/marked-0.8.0.tgz?cache=0&other_urls=https%3A%2F%2Fregistry.npm.taobao.org%2Fmarked%2Fdownload%2Fmarked-0.8.0.tgz",
      "integrity": "sha1-7FwMm5OHjcUt1Uvo0OUkCXvYGpk="
    }
  }
}
